// !$*UTF8*$!
{
	archiveVersion = 1;
	classes = {
	};
	objectVersion = 50;
	objects = {

/* Begin PBXBuildFile section */
		4406192C22DEBCBC008FEDE0 /* AppDelegate.swift in Sources */ = {isa = PBXBuildFile; fileRef = 4406192B22DEBCBC008FEDE0 /* AppDelegate.swift */; };
		4406192E22DEBCBC008FEDE0 /* ViewController.swift in Sources */ = {isa = PBXBuildFile; fileRef = 4406192D22DEBCBC008FEDE0 /* ViewController.swift */; };
		4406193322DEBCBE008FEDE0 /* Assets.xcassets in Resources */ = {isa = PBXBuildFile; fileRef = 4406193222DEBCBE008FEDE0 /* Assets.xcassets */; };
		4406193622DEBCBE008FEDE0 /* LaunchScreen.storyboard in Resources */ = {isa = PBXBuildFile; fileRef = 4406193422DEBCBE008FEDE0 /* LaunchScreen.storyboard */; };
		4406193E22DEBF46008FEDE0 /* AudioEngine.swift in Sources */ = {isa = PBXBuildFile; fileRef = 4406193D22DEBF46008FEDE0 /* AudioEngine.swift */; };
		4406194022DED3AF008FEDE0 /* bensound-summer.mp3 in Resources */ = {isa = PBXBuildFile; fileRef = 4406193F22DED3AE008FEDE0 /* bensound-summer.mp3 */; };
/* End PBXBuildFile section */

/* Begin PBXFileReference section */
		4406192822DEBCBC008FEDE0 /* AVAudioEnginePractice.app */ = {isa = PBXFileReference; explicitFileType = wrapper.application; includeInIndex = 0; path = AVAudioEnginePractice.app; sourceTree = BUILT_PRODUCTS_DIR; };
		4406192B22DEBCBC008FEDE0 /* AppDelegate.swift */ = {isa = PBXFileReference; lastKnownFileType = sourcecode.swift; path = AppDelegate.swift; sourceTree = "<group>"; };
		4406192D22DEBCBC008FEDE0 /* ViewController.swift */ = {isa = PBXFileReference; lastKnownFileType = sourcecode.swift; path = ViewController.swift; sourceTree = "<group>"; };
		4406193222DEBCBE008FEDE0 /* Assets.xcassets */ = {isa = PBXFileReference; lastKnownFileType = folder.assetcatalog; path = Assets.xcassets; sourceTree = "<group>"; };
		4406193522DEBCBE008FEDE0 /* Base */ = {isa = PBXFileReference; lastKnownFileType = file.storyboard; name = Base; path = Base.lproj/LaunchScreen.storyboard; sourceTree = "<group>"; };
		4406193722DEBCBE008FEDE0 /* Info.plist */ = {isa = PBXFileReference; lastKnownFileType = text.plist.xml; path = Info.plist; sourceTree = "<group>"; };
		4406193D22DEBF46008FEDE0 /* AudioEngine.swift */ = {isa = PBXFileReference; lastKnownFileType = sourcecode.swift; path = AudioEngine.swift; sourceTree = "<group>"; };
		4406193F22DED3AE008FEDE0 /* bensound-summer.mp3 */ = {isa = PBXFileReference; lastKnownFileType = audio.mp3; path = "bensound-summer.mp3"; sourceTree = "<group>"; };
/* End PBXFileReference section */

/* Begin PBXFrameworksBuildPhase section */
		4406192522DEBCBC008FEDE0 /* Frameworks */ = {
			isa = PBXFrameworksBuildPhase;
			buildActionMask = 2147483647;
			files = (
			);
			runOnlyForDeploymentPostprocessing = 0;
		};
/* End PBXFrameworksBuildPhase section */

/* Begin PBXGroup section */
		4406191F22DEBCBC008FEDE0 = {
			isa = PBXGroup;
			children = (
				4406192A22DEBCBC008FEDE0 /* AVAudioEnginePractice */,
				4406192922DEBCBC008FEDE0 /* Products */,
			);
			sourceTree = "<group>";
		};
		4406192922DEBCBC008FEDE0 /* Products */ = {
			isa = PBXGroup;
			children = (
				4406192822DEBCBC008FEDE0 /* AVAudioEnginePractice.app */,
			);
			name = Products;
			sourceTree = "<group>";
		};
		4406192A22DEBCBC008FEDE0 /* AVAudioEnginePractice */ = {
			isa = PBXGroup;
			children = (
				4406192B22DEBCBC008FEDE0 /* AppDelegate.swift */,
				4406193D22DEBF46008FEDE0 /* AudioEngine.swift */,
				4406192D22DEBCBC008FEDE0 /* ViewController.swift */,
				4406193F22DED3AE008FEDE0 /* bensound-summer.mp3 */,
				4406193222DEBCBE008FEDE0 /* Assets.xcassets */,
				4406193422DEBCBE008FEDE0 /* LaunchScreen.storyboard */,
				4406193722DEBCBE008FEDE0 /* Info.plist */,
			);
			path = AVAudioEnginePractice;
			sourceTree = "<group>";
		};
/* End PBXGroup section */

/* Begin PBXNativeTarget section */
		4406192722DEBCBC008FEDE0 /* AVAudioEnginePractice */ = {
			isa = PBXNativeTarget;
			buildConfigurationList = 4406193A22DEBCBE008FEDE0 /* Build configuration list for PBXNativeTarget "AVAudioEnginePractice" */;
			buildPhases = (
				4406192422DEBCBC008FEDE0 /* Sources */,
				4406192522DEBCBC008FEDE0 /* Frameworks */,
				4406192622DEBCBC008FEDE0 /* Resources */,
			);
			buildRules = (
			);
			dependencies = (
			);
			name = AVAudioEnginePractice;
			productName = AVAudioEnginePractice;
			productReference = 4406192822DEBCBC008FEDE0 /* AVAudioEnginePractice.app */;
			productType = "com.apple.product-type.application";
		};
/* End PBXNativeTarget section */

/* Begin PBXProject section */
		4406192022DEBCBC008FEDE0 /* Project object */ = {
			isa = PBXProject;
			attributes = {
				LastSwiftUpdateCheck = 1020;
				LastUpgradeCheck = 1020;
				ORGANIZATIONNAME = "Hui Qin Ng";
				TargetAttributes = {
					4406192722DEBCBC008FEDE0 = {
						CreatedOnToolsVersion = 10.2.1;
						SystemCapabilities = {
							com.apple.BackgroundModes = {
								enabled = 1;
							};
						};
					};
				};
			};
			buildConfigurationList = 4406192322DEBCBC008FEDE0 /* Build configuration list for PBXProject "AVAudioEnginePractice" */;
			compatibilityVersion = "Xcode 9.3";
			developmentRegion = en;
			hasScannedForEncodings = 0;
			knownRegions = (
				en,
				Base,
			);
			mainGroup = 4406191F22DEBCBC008FEDE0;
			productRefGroup = 4406192922DEBCBC008FEDE0 /* Products */;
			projectDirPath = "";
			projectRoot = "";
			targets = (
				4406192722DEBCBC008FEDE0 /* AVAudioEnginePractice */,
			);
		};
/* End PBXProject section */

/* Begin PBXResourcesBuildPhase section */
		4406192622DEBCBC008FEDE0 /* Resources */ = {
			isa = PBXResourcesBuildPhase;
			buildActionMask = 2147483647;
			files = (
				4406193622DEBCBE008FEDE0 /* LaunchScreen.storyboard in Resources */,
				4406193322DEBCBE008FEDE0 /* Assets.xcassets in Resources */,
				4406194022DED3AF008FEDE0 /* bensound-summer.mp3 in Resources */,
			);
			runOnlyForDeploymentPostprocessing = 0;
		};
/* End PBXResourcesBuildPhase section */

/* Begin PBXSourcesBuildPhase section */
		4406192422DEBCBC008FEDE0 /* Sources */ = {
			isa = PBXSourcesBuildPhase;
			buildActionMask = 2147483647;
			files = (
				4406193E22DEBF46008FEDE0 /* AudioEngine.swift in Sources */,
				4406192E22DEBCBC008FEDE0 /* ViewController.swift in Sources */,
				4406192C22DEBCBC008FEDE0 /* AppDelegate.swift in Sources */,
			);
			runOnlyForDeploymentPostprocessing = 0;
		};
/* End PBXSourcesBuildPhase section */

/* Begin PBXVariantGroup section */
		4406193422DEBCBE008FEDE0 /* LaunchScreen.storyboard */ = {
			isa = PBXVariantGroup;
			children = (
				4406193522DEBCBE008FEDE0 /* Base */,
			);
			name = LaunchScreen.storyboard;
			sourceTree = "<group>";
		};
/* End PBXVariantGroup section */

/* Begin XCBuildConfiguration section */
		4406193822DEBCBE008FEDE0 /* Debug */ = {
			isa = XCBuildConfiguration;
			buildSettings = {
				ALWAYS_SEARCH_USER_PATHS = NO;
				CLANG_ANALYZER_NONNULL = YES;
				CLANG_ANALYZER_NUMBER_OBJECT_CONVERSION = YES_AGGRESSIVE;
				CLANG_CXX_LANGUAGE_STANDARD = "gnu++14";
				CLANG_CXX_LIBRARY = "libc++";
				CLANG_ENABLE_MODULES = YES;
				CLANG_ENABLE_OBJC_ARC = YES;
				CLANG_ENABLE_OBJC_WEAK = YES;
				CLANG_WARN_BLOCK_CAPTURE_AUTORELEASING = YES;
				CLANG_WARN_BOOL_CONVERSION = YES;
				CLANG_WARN_COMMA = YES;
				CLANG_WARN_CONSTANT_CONVERSION = YES;
				CLANG_WARN_DEPRECATED_OBJC_IMPLEMENTATIONS = YES;
				CLANG_WARN_DIRECT_OBJC_ISA_USAGE = YES_ERROR;
				CLANG_WARN_DOCUMENTATION_COMMENTS = YES;
				CLANG_WARN_EMPTY_BODY = YES;
				CLANG_WARN_ENUM_CONVERSION = YES;
				CLANG_WARN_INFINITE_RECURSION = YES;
				CLANG_WARN_INT_CONVERSION = YES;
				CLANG_WARN_NON_LITERAL_NULL_CONVERSION = YES;
				CLANG_WARN_OBJC_IMPLICIT_RETAIN_SELF = YES;
				CLANG_WARN_OBJC_LITERAL_CONVERSION = YES;
				CLANG_WARN_OBJC_ROOT_CLASS = YES_ERROR;
				CLANG_WARN_RANGE_LOOP_ANALYSIS = YES;
				CLANG_WARN_STRICT_PROTOTYPES = YES;
				CLANG_WARN_SUSPICIOUS_MOVE = YES;
				CLANG_WARN_UNGUARDED_AVAILABILITY = YES_AGGRESSIVE;
				CLANG_WARN_UNREACHABLE_CODE = YES;
				CLANG_WARN__DUPLICATE_METHOD_MATCH = YES;
				CODE_SIGN_IDENTITY = "iPhone Developer";
				COPY_PHASE_STRIP = NO;
				DEBUG_INFORMATION_FORMAT = dwarf;
				ENABLE_STRICT_OBJC_MSGSEND = YES;
				ENABLE_TESTABILITY = YES;
				GCC_C_LANGUAGE_STANDARD = gnu11;
				GCC_DYNAMIC_NO_PIC = NO;
				GCC_NO_COMMON_BLOCKS = YES;
				GCC_OPTIMIZATION_LEVEL = 0;
				GCC_PREPROCESSOR_DEFINITIONS = (
					"DEBUG=1",
					"$(inherited)",
				);
				GCC_WARN_64_TO_32_BIT_CONVERSION = YES;
				GCC_WARN_ABOUT_RETURN_TYPE = YES_ERROR;
				GCC_WARN_UNDECLARED_SELECTOR = YES;
				GCC_WARN_UNINITIALIZED_AUTOS = YES_AGGRESSIVE;
				GCC_WARN_UNUSED_FUNCTION = YES;
				GCC_WARN_UNUSED_VARIABLE = YES;
				IPHONEOS_DEPLOYMENT_TARGET = 12.2;
				MTL_ENABLE_DEBUG_INFO = INCLUDE_SOURCE;
				MTL_FAST_MATH = YES;
				ONLY_ACTIVE_ARCH = YES;
				SDKROOT = iphoneos;
				SWIFT_ACTIVE_COMPILATION_CONDITIONS = DEBUG;
				SWIFT_OPTIMIZATION_LEVEL = "-Onone";
			};
			name = Debug;
		};
		4406193922DEBCBE008FEDE0 /* Release */ = {
			isa = XCBuildConfiguration;
			buildSettings = {
				ALWAYS_SEARCH_USER_PATHS = NO;
				CLANG_ANALYZER_NONNULL = YES;
				CLANG_ANALYZER_NUMBER_OBJECT_CONVERSION = YES_AGGRESSIVE;
				CLANG_CXX_LANGUAGE_STANDARD = "gnu++14";
				CLANG_CXX_LIBRARY = "libc++";
				CLANG_ENABLE_MODULES = YES;
				CLANG_ENABLE_OBJC_ARC = YES;
				CLANG_ENABLE_OBJC_WEAK = YES;
				CLANG_WARN_BLOCK_CAPTURE_AUTORELEASING = YES;
				CLANG_WARN_BOOL_CONVERSION = YES;
				CLANG_WARN_COMMA = YES;
				CLANG_WARN_CONSTANT_CONVERSION = YES;
				CLANG_WARN_DEPRECATED_OBJC_IMPLEMENTATIONS = YES;
				CLANG_WARN_DIRECT_OBJC_ISA_USAGE = YES_ERROR;
				CLANG_WARN_DOCUMENTATION_COMMENTS = YES;
				CLANG_WARN_EMPTY_BODY = YES;
				CLANG_WARN_ENUM_CONVERSION = YES;
				CLANG_WARN_INFINITE_RECURSION = YES;
				CLANG_WARN_INT_CONVERSION = YES;
				CLANG_WARN_NON_LITERAL_NULL_CONVERSION = YES;
				CLANG_WARN_OBJC_IMPLICIT_RETAIN_SELF = YES;
				CLANG_WARN_OBJC_LITERAL_CONVERSION = YES;
				CLANG_WARN_OBJC_ROOT_CLASS = YES_ERROR;
				CLANG_WARN_RANGE_LOOP_ANALYSIS = YES;
				CLANG_WARN_STRICT_PROTOTYPES = YES;
				CLANG_WARN_SUSPICIOUS_MOVE = YES;
				CLANG_WARN_UNGUARDED_AVAILABILITY = YES_AGGRESSIVE;
				CLANG_WARN_UNREACHABLE_CODE = YES;
				CLANG_WARN__DUPLICATE_METHOD_MATCH = YES;
				CODE_SIGN_IDENTITY = "iPhone Developer";
				COPY_PHASE_STRIP = NO;
				DEBUG_INFORMATION_FORMAT = "dwarf-with-dsym";
				ENABLE_NS_ASSERTIONS = NO;
				ENABLE_STRICT_OBJC_MSGSEND = YES;
				GCC_C_LANGUAGE_STANDARD = gnu11;
				GCC_NO_COMMON_BLOCKS = YES;
				GCC_WARN_64_TO_32_BIT_CONVERSION = YES;
				GCC_WARN_ABOUT_RETURN_TYPE = YES_ERROR;
				GCC_WARN_UNDECLARED_SELECTOR = YES;
				GCC_WARN_UNINITIALIZED_AUTOS = YES_AGGRESSIVE;
				GCC_WARN_UNUSED_FUNCTION = YES;
				GCC_WARN_UNUSED_VARIABLE = YES;
				IPHONEOS_DEPLOYMENT_TARGET = 12.2;
				MTL_ENABLE_DEBUG_INFO = NO;
				MTL_FAST_MATH = YES;
				SDKROOT = iphoneos;
				SWIFT_COMPILATION_MODE = wholemodule;
				SWIFT_OPTIMIZATION_LEVEL = "-O";
				VALIDATE_PRODUCT = YES;
			};
			name = Release;
		};
		4406193B22DEBCBE008FEDE0 /* Debug */ = {
			isa = XCBuildConfiguration;
			buildSettings = {
				ASSETCATALOG_COMPILER_APPICON_NAME = AppIcon;
				CODE_SIGN_STYLE = Automatic;
				DEVELOPMENT_TEAM = BLV2C98A87;
				INFOPLIST_FILE = AVAudioEnginePractice/Info.plist;
				LD_RUNPATH_SEARCH_PATHS = (
					"$(inherited)",
					"@executable_path/Frameworks",
				);
				PRODUCT_BUNDLE_IDENTIFIER = com.huiqinlab.kkbox.AVAudioEnginePractice;
				PRODUCT_NAME = "$(TARGET_NAME)";
				SWIFT_VERSION = 5.0;
				TARGETED_DEVICE_FAMILY = "1,2";
			};
			name = Debug;
		};
		4406193C22DEBCBE008FEDE0 /* Release */ = {
			isa = XCBuildConfiguration;
			buildSettings = {
				ASSETCATALOG_COMPILER_APPICON_NAME = AppIcon;
				CODE_SIGN_STYLE = Automatic;
				DEVELOPMENT_TEAM = BLV2C98A87;
				INFOPLIST_FILE = AVAudioEnginePractice/Info.plist;
				LD_RUNPATH_SEARCH_PATHS = (
					"$(inherited)",
					"@executable_path/Frameworks",
				);
				PRODUCT_BUNDLE_IDENTIFIER = com.huiqinlab.kkbox.AVAudioEnginePractice;
				PRODUCT_NAME = "$(TARGET_NAME)";
				SWIFT_VERSION = 5.0;
				TARGETED_DEVICE_FAMILY = "1,2";
			};
			name = Release;
		};
/* End XCBuildConfiguration section */

/* Begin XCConfigurationList section */
		4406192322DEBCBC008FEDE0 /* Build configuration list for PBXProject "AVAudioEnginePractice" */ = {
			isa = XCConfigurationList;
			buildConfigurations = (
				4406193822DEBCBE008FEDE0 /* Debug */,
				4406193922DEBCBE008FEDE0 /* Release */,
			);
			defaultConfigurationIsVisible = 0;
			defaultConfigurationName = Release;
		};
		4406193A22DEBCBE008FEDE0 /* Build configuration list for PBXNativeTarget "AVAudioEnginePractice" */ = {
			isa = XCConfigurationList;
			buildConfigurations = (
				4406193B22DEBCBE008FEDE0 /* Debug */,
				4406193C22DEBCBE008FEDE0 /* Release */,
			);
			defaultConfigurationIsVisible = 0;
			defaultConfigurationName = Release;
		};
/* End XCConfigurationList section */
	};
	rootObject = 4406192022DEBCBC008FEDE0 /* Project object */;
}
